
Microsoft Visual Studio Solution File, Format Version 12.00
# Visual Studio Version 17
VisualStudioVersion = 17.10.34928.147
MinimumVisualStudioVersion = 10.0.40219.1
Project("{FAE04EC0-301F-11D3-BF4B-00C04F79EFBC}") = "blazor_notes", "blazor_notes.csproj", "{ABEDBF72-6DC3-406B-AA9C-5D20472B0FA3}"
EndProject
Global
	GlobalSection(SolutionConfigurationPlatforms) = preSolution
		Debug|Any CPU = Debug|Any CPU
		Release|Any CPU = Release|Any CPU
	EndGlobalSection
	GlobalSection(ProjectConfigurationPlatforms) = postSolution
		{ABEDBF72-6DC3-406B-AA9C-5D20472B0FA3}.Debug|Any CPU.ActiveCfg = Debug|Any CPU
		{ABEDBF72-6DC3-406B-AA9C-5D20472B0FA3}.Debug|Any CPU.Build.0 = Debug|Any CPU
		{ABEDBF72-6DC3-406B-AA9C-5D20472B0FA3}.Release|Any CPU.ActiveCfg = Release|Any CPU
		{ABEDBF72-6DC3-406B-AA9C-5D20472B0FA3}.Release|Any CPU.Build.0 = Release|Any CPU
	EndGlobalSection
	GlobalSection(SolutionProperties) = preSolution
		HideSolutionNode = FALSE
	EndGlobalSection
	GlobalSection(ExtensibilityGlobals) = postSolution
		SolutionGuid = {B90B8CCA-0343-4838-9297-21ABD448F040}
	EndGlobalSection
EndGlobal
